
Microsoft Visual Studio Solution File, Format Version 12.00
# Visual Studio Version 17
VisualStudioVersion = 17.2.32630.192
MinimumVisualStudioVersion = 10.0.40219.1
Project("{2150E333-8FDC-42A3-9474-1A3956D46DE8}") = "src", "src", "{477DC37F-DDE5-42FB-97EE-1113BC5FD552}"
EndProject
Project("{2150E333-8FDC-42A3-9474-1A3956D46DE8}") = "tests", "tests", "{D5E0C7BC-231E-438B-BC41-1B71DF096AAA}"
EndProject
Project("{9A19103F-16F7-4668-BE54-9A1E7A4F7556}") = "Application.Services.UnitTests", "tests\Application.Services.UnitTests\Application.Services.UnitTests.csproj", "{4409E7DF-E7DC-492A-8536-1DF334579389}"
EndProject
Project("{2150E333-8FDC-42A3-9474-1A3956D46DE8}") = "Common", "Common", "{C6734636-9436-4DB5-8F15-6ED6A76705A9}"
EndProject
Project("{2150E333-8FDC-42A3-9474-1A3956D46DE8}") = "Data", "Data", "{F4D557CD-C752-48C1-A132-EBE134B77167}"
EndProject
Project("{9A19103F-16F7-4668-BE54-9A1E7A4F7556}") = "Application.Common", "src\Common\Application.Common\Application.Common.csproj", "{41E77637-7EA8-4D56-B009-5C5E9765D2FF}"
EndProject
Project("{9A19103F-16F7-4668-BE54-9A1E7A4F7556}") = "Application.Data.Master", "src\Data\Application.Data.Master\Application.Data.Master.csproj", "{86D0E249-0C5B-4805-BB04-F847DEB201EF}"
EndProject
Project("{9A19103F-16F7-4668-BE54-9A1E7A4F7556}") = "Application.Data.Tenant", "src\Data\Application.Data.Tenant\Application.Data.Tenant.csproj", "{1D88E723-0592-4AA4-8F21-BFD4249DF9C6}"
EndProject
Project("{9A19103F-16F7-4668-BE54-9A1E7A4F7556}") = "Application.Services", "src\Application.Services\Application.Services.csproj", "{41D42E46-F3D1-443A-A872-C2F370A02BA8}"
EndProject
Project("{9A19103F-16F7-4668-BE54-9A1E7A4F7556}") = "Application.Api", "src\Application.Api\Application.Api.csproj", "{EAAEA435-FF9F-4DED-A3DA-826A1DC30153}"
EndProject
Project("{2150E333-8FDC-42A3-9474-1A3956D46DE8}") = "Contracts", "Contracts", "{EBC5BBAD-3644-49B5-AA73-DA23B24A7F6B}"
EndProject
Project("{9A19103F-16F7-4668-BE54-9A1E7A4F7556}") = "Application.InternalContracts", "src\Contracts\Application.InternalContracts\Application.InternalContracts.csproj", "{E11578DF-4E86-47CE-8D33-289058AF6067}"
EndProject
Project("{9A19103F-16F7-4668-BE54-9A1E7A4F7556}") = "Application.ExternalContracts", "src\Contracts\Application.ExternalContracts\Application.ExternalContracts.csproj", "{75B585B5-3105-407C-B325-FDF9B4235211}"
EndProject
Project("{2150E333-8FDC-42A3-9474-1A3956D46DE8}") = "Identity", "Identity", "{198200E5-522D-453B-BC66-B83BA1547C5A}"
EndProject
Project("{9A19103F-16F7-4668-BE54-9A1E7A4F7556}") = "Application.Identity.Data", "src\Identity\Application.Identity.Data\Application.Identity.Data.csproj", "{ECDE13A9-BFF9-43FA-93F4-C246BEB03851}"
EndProject
Project("{9A19103F-16F7-4668-BE54-9A1E7A4F7556}") = "Application.Identity.Services", "src\Identity\Application.Identity.Services\Application.Identity.Services.csproj", "{45E59AF0-6BBF-4DF6-9C09-085FBD4F2131}"
EndProject
Project("{9A19103F-16F7-4668-BE54-9A1E7A4F7556}") = "Application.Jobs", "src\Common\Application.Jobs\Application.Jobs.csproj", "{1D956A62-7F87-458B-B338-66609E3016A9}"
EndProject
Project("{9A19103F-16F7-4668-BE54-9A1E7A4F7556}") = "Application.Data.Common", "src\Common\Application.Data.Common\Application.Data.Common.csproj", "{64BA0D30-5D48-4DB5-8F5F-E841F1C29D11}"
EndProject
Global
	GlobalSection(SolutionConfigurationPlatforms) = preSolution
		Debug|Any CPU = Debug|Any CPU
		Release|Any CPU = Release|Any CPU
	EndGlobalSection
	GlobalSection(ProjectConfigurationPlatforms) = postSolution
		{4409E7DF-E7DC-492A-8536-1DF334579389}.Debug|Any CPU.ActiveCfg = Debug|Any CPU
		{4409E7DF-E7DC-492A-8536-1DF334579389}.Debug|Any CPU.Build.0 = Debug|Any CPU
		{4409E7DF-E7DC-492A-8536-1DF334579389}.Release|Any CPU.ActiveCfg = Release|Any CPU
		{4409E7DF-E7DC-492A-8536-1DF334579389}.Release|Any CPU.Build.0 = Release|Any CPU
		{41E77637-7EA8-4D56-B009-5C5E9765D2FF}.Debug|Any CPU.ActiveCfg = Debug|Any CPU
		{41E77637-7EA8-4D56-B009-5C5E9765D2FF}.Debug|Any CPU.Build.0 = Debug|Any CPU
		{41E77637-7EA8-4D56-B009-5C5E9765D2FF}.Release|Any CPU.ActiveCfg = Release|Any CPU
		{41E77637-7EA8-4D56-B009-5C5E9765D2FF}.Release|Any CPU.Build.0 = Release|Any CPU
		{86D0E249-0C5B-4805-BB04-F847DEB201EF}.Debug|Any CPU.ActiveCfg = Debug|Any CPU
		{86D0E249-0C5B-4805-BB04-F847DEB201EF}.Debug|Any CPU.Build.0 = Debug|Any CPU
		{86D0E249-0C5B-4805-BB04-F847DEB201EF}.Release|Any CPU.ActiveCfg = Release|Any CPU
		{86D0E249-0C5B-4805-BB04-F847DEB201EF}.Release|Any CPU.Build.0 = Release|Any CPU
		{1D88E723-0592-4AA4-8F21-BFD4249DF9C6}.Debug|Any CPU.ActiveCfg = Debug|Any CPU
		{1D88E723-0592-4AA4-8F21-BFD4249DF9C6}.Debug|Any CPU.Build.0 = Debug|Any CPU
		{1D88E723-0592-4AA4-8F21-BFD4249DF9C6}.Release|Any CPU.ActiveCfg = Release|Any CPU
		{1D88E723-0592-4AA4-8F21-BFD4249DF9C6}.Release|Any CPU.Build.0 = Release|Any CPU
		{41D42E46-F3D1-443A-A872-C2F370A02BA8}.Debug|Any CPU.ActiveCfg = Debug|Any CPU
		{41D42E46-F3D1-443A-A872-C2F370A02BA8}.Debug|Any CPU.Build.0 = Debug|Any CPU
		{41D42E46-F3D1-443A-A872-C2F370A02BA8}.Release|Any CPU.ActiveCfg = Release|Any CPU
		{41D42E46-F3D1-443A-A872-C2F370A02BA8}.Release|Any CPU.Build.0 = Release|Any CPU
		{EAAEA435-FF9F-4DED-A3DA-826A1DC30153}.Debug|Any CPU.ActiveCfg = Debug|Any CPU
		{EAAEA435-FF9F-4DED-A3DA-826A1DC30153}.Debug|Any CPU.Build.0 = Debug|Any CPU
		{EAAEA435-FF9F-4DED-A3DA-826A1DC30153}.Release|Any CPU.ActiveCfg = Release|Any CPU
		{EAAEA435-FF9F-4DED-A3DA-826A1DC30153}.Release|Any CPU.Build.0 = Release|Any CPU
		{E11578DF-4E86-47CE-8D33-289058AF6067}.Debug|Any CPU.ActiveCfg = Debug|Any CPU
		{E11578DF-4E86-47CE-8D33-289058AF6067}.Debug|Any CPU.Build.0 = Debug|Any CPU
		{E11578DF-4E86-47CE-8D33-289058AF6067}.Release|Any CPU.ActiveCfg = Release|Any CPU
		{E11578DF-4E86-47CE-8D33-289058AF6067}.Release|Any CPU.Build.0 = Release|Any CPU
		{75B585B5-3105-407C-B325-FDF9B4235211}.Debug|Any CPU.ActiveCfg = Debug|Any CPU
		{75B585B5-3105-407C-B325-FDF9B4235211}.Debug|Any CPU.Build.0 = Debug|Any CPU
		{75B585B5-3105-407C-B325-FDF9B4235211}.Release|Any CPU.ActiveCfg = Release|Any CPU
		{75B585B5-3105-407C-B325-FDF9B4235211}.Release|Any CPU.Build.0 = Release|Any CPU
		{ECDE13A9-BFF9-43FA-93F4-C246BEB03851}.Debug|Any CPU.ActiveCfg = Debug|Any CPU
		{ECDE13A9-BFF9-43FA-93F4-C246BEB03851}.Debug|Any CPU.Build.0 = Debug|Any CPU
		{ECDE13A9-BFF9-43FA-93F4-C246BEB03851}.Release|Any CPU.ActiveCfg = Release|Any CPU
		{ECDE13A9-BFF9-43FA-93F4-C246BEB03851}.Release|Any CPU.Build.0 = Release|Any CPU
		{45E59AF0-6BBF-4DF6-9C09-085FBD4F2131}.Debug|Any CPU.ActiveCfg = Debug|Any CPU
		{45E59AF0-6BBF-4DF6-9C09-085FBD4F2131}.Debug|Any CPU.Build.0 = Debug|Any CPU
		{45E59AF0-6BBF-4DF6-9C09-085FBD4F2131}.Release|Any CPU.ActiveCfg = Release|Any CPU
		{45E59AF0-6BBF-4DF6-9C09-085FBD4F2131}.Release|Any CPU.Build.0 = Release|Any CPU
		{1D956A62-7F87-458B-B338-66609E3016A9}.Debug|Any CPU.ActiveCfg = Debug|Any CPU
		{1D956A62-7F87-458B-B338-66609E3016A9}.Debug|Any CPU.Build.0 = Debug|Any CPU
		{1D956A62-7F87-458B-B338-66609E3016A9}.Release|Any CPU.ActiveCfg = Release|Any CPU
		{1D956A62-7F87-458B-B338-66609E3016A9}.Release|Any CPU.Build.0 = Release|Any CPU
		{64BA0D30-5D48-4DB5-8F5F-E841F1C29D11}.Debug|Any CPU.ActiveCfg = Debug|Any CPU
		{64BA0D30-5D48-4DB5-8F5F-E841F1C29D11}.Debug|Any CPU.Build.0 = Debug|Any CPU
		{64BA0D30-5D48-4DB5-8F5F-E841F1C29D11}.Release|Any CPU.ActiveCfg = Release|Any CPU
		{64BA0D30-5D48-4DB5-8F5F-E841F1C29D11}.Release|Any CPU.Build.0 = Release|Any CPU
	EndGlobalSection
	GlobalSection(SolutionProperties) = preSolution
		HideSolutionNode = FALSE
	EndGlobalSection
	GlobalSection(NestedProjects) = preSolution
		{4409E7DF-E7DC-492A-8536-1DF334579389} = {D5E0C7BC-231E-438B-BC41-1B71DF096AAA}
		{C6734636-9436-4DB5-8F15-6ED6A76705A9} = {477DC37F-DDE5-42FB-97EE-1113BC5FD552}
		{F4D557CD-C752-48C1-A132-EBE134B77167} = {477DC37F-DDE5-42FB-97EE-1113BC5FD552}
		{41E77637-7EA8-4D56-B009-5C5E9765D2FF} = {C6734636-9436-4DB5-8F15-6ED6A76705A9}
		{86D0E249-0C5B-4805-BB04-F847DEB201EF} = {F4D557CD-C752-48C1-A132-EBE134B77167}
		{1D88E723-0592-4AA4-8F21-BFD4249DF9C6} = {F4D557CD-C752-48C1-A132-EBE134B77167}
		{41D42E46-F3D1-443A-A872-C2F370A02BA8} = {477DC37F-DDE5-42FB-97EE-1113BC5FD552}
		{EAAEA435-FF9F-4DED-A3DA-826A1DC30153} = {477DC37F-DDE5-42FB-97EE-1113BC5FD552}
		{EBC5BBAD-3644-49B5-AA73-DA23B24A7F6B} = {477DC37F-DDE5-42FB-97EE-1113BC5FD552}
		{E11578DF-4E86-47CE-8D33-289058AF6067} = {EBC5BBAD-3644-49B5-AA73-DA23B24A7F6B}
		{75B585B5-3105-407C-B325-FDF9B4235211} = {EBC5BBAD-3644-49B5-AA73-DA23B24A7F6B}
		{198200E5-522D-453B-BC66-B83BA1547C5A} = {477DC37F-DDE5-42FB-97EE-1113BC5FD552}
		{ECDE13A9-BFF9-43FA-93F4-C246BEB03851} = {198200E5-522D-453B-BC66-B83BA1547C5A}
		{45E59AF0-6BBF-4DF6-9C09-085FBD4F2131} = {198200E5-522D-453B-BC66-B83BA1547C5A}
		{1D956A62-7F87-458B-B338-66609E3016A9} = {C6734636-9436-4DB5-8F15-6ED6A76705A9}
		{64BA0D30-5D48-4DB5-8F5F-E841F1C29D11} = {C6734636-9436-4DB5-8F15-6ED6A76705A9}
	EndGlobalSection
	GlobalSection(ExtensibilityGlobals) = postSolution
		SolutionGuid = {061B7EC3-6122-4067-902E-F8C8702B6052}
	EndGlobalSection
EndGlobal
